
Microsoft Visual Studio Solution File, Format Version 12.00
# Visual Studio Version 17
VisualStudioVersion = 17.0.31717.71
MinimumVisualStudioVersion = 10.0.40219.1
Project("{9A19103F-16F7-4668-BE54-9A1E7A4F7556}") = "PartyInvites", "PartyInvites\PartyInvites.csproj", "{AE5DED05-4AAD-4CCF-AE9E-D1155824C5E8}"
EndProject
Project("{9A19103F-16F7-4668-BE54-9A1E7A4F7556}") = "LanguageFeatures", "LanguageFeatures\LanguageFeatures.csproj", "{239BA6C4-8813-46B7-AD5D-1616F43FFA0A}"
EndProject
Project("{9A19103F-16F7-4668-BE54-9A1E7A4F7556}") = "Razor", "Razor\Razor.csproj", "{918EE769-A2F7-4351-BDBD-A02DACBC76A1}"
EndProject
Project("{9A19103F-16F7-4668-BE54-9A1E7A4F7556}") = "WorkingWithVisualStudio", "WorkingWithVisualStudio\WorkingWithVisualStudio.csproj", "{D48FB204-A621-43BA-8443-01E9B528EC4B}"
EndProject
Project("{9A19103F-16F7-4668-BE54-9A1E7A4F7556}") = "WorkingWithVisualStudio.Tests", "WorkingWithVisualStudio.Tests\WorkingWithVisualStudio.Tests.csproj", "{0EAE99DC-E09C-4217-BED6-13C3C11E9F5A}"
EndProject
Project("{FAE04EC0-301F-11D3-BF4B-00C04F79EFBC}") = "SportsStore", "SportsStore\SportsStore.csproj", "{8B174A4B-D827-4E28-AB8A-383E764109C4}"
EndProject
Project("{FAE04EC0-301F-11D3-BF4B-00C04F79EFBC}") = "SportsStore.Tests", "SportsStore.Tests\SportsStore.Tests.csproj", "{EC11CC6D-71F7-4F1E-A1E8-692BEE2B8533}"
EndProject
Global
	GlobalSection(SolutionConfigurationPlatforms) = preSolution
		Debug|Any CPU = Debug|Any CPU
		Release|Any CPU = Release|Any CPU
	EndGlobalSection
	GlobalSection(ProjectConfigurationPlatforms) = postSolution
		{AE5DED05-4AAD-4CCF-AE9E-D1155824C5E8}.Debug|Any CPU.ActiveCfg = Debug|Any CPU
		{AE5DED05-4AAD-4CCF-AE9E-D1155824C5E8}.Debug|Any CPU.Build.0 = Debug|Any CPU
		{AE5DED05-4AAD-4CCF-AE9E-D1155824C5E8}.Release|Any CPU.ActiveCfg = Release|Any CPU
		{AE5DED05-4AAD-4CCF-AE9E-D1155824C5E8}.Release|Any CPU.Build.0 = Release|Any CPU
		{239BA6C4-8813-46B7-AD5D-1616F43FFA0A}.Debug|Any CPU.ActiveCfg = Debug|Any CPU
		{239BA6C4-8813-46B7-AD5D-1616F43FFA0A}.Debug|Any CPU.Build.0 = Debug|Any CPU
		{239BA6C4-8813-46B7-AD5D-1616F43FFA0A}.Release|Any CPU.ActiveCfg = Release|Any CPU
		{239BA6C4-8813-46B7-AD5D-1616F43FFA0A}.Release|Any CPU.Build.0 = Release|Any CPU
		{918EE769-A2F7-4351-BDBD-A02DACBC76A1}.Debug|Any CPU.ActiveCfg = Debug|Any CPU
		{918EE769-A2F7-4351-BDBD-A02DACBC76A1}.Debug|Any CPU.Build.0 = Debug|Any CPU
		{918EE769-A2F7-4351-BDBD-A02DACBC76A1}.Release|Any CPU.ActiveCfg = Release|Any CPU
		{918EE769-A2F7-4351-BDBD-A02DACBC76A1}.Release|Any CPU.Build.0 = Release|Any CPU
		{D48FB204-A621-43BA-8443-01E9B528EC4B}.Debug|Any CPU.ActiveCfg = Debug|Any CPU
		{D48FB204-A621-43BA-8443-01E9B528EC4B}.Debug|Any CPU.Build.0 = Debug|Any CPU
		{D48FB204-A621-43BA-8443-01E9B528EC4B}.Release|Any CPU.ActiveCfg = Release|Any CPU
		{D48FB204-A621-43BA-8443-01E9B528EC4B}.Release|Any CPU.Build.0 = Release|Any CPU
		{0EAE99DC-E09C-4217-BED6-13C3C11E9F5A}.Debug|Any CPU.ActiveCfg = Debug|Any CPU
		{0EAE99DC-E09C-4217-BED6-13C3C11E9F5A}.Debug|Any CPU.Build.0 = Debug|Any CPU
		{0EAE99DC-E09C-4217-BED6-13C3C11E9F5A}.Release|Any CPU.ActiveCfg = Release|Any CPU
		{0EAE99DC-E09C-4217-BED6-13C3C11E9F5A}.Release|Any CPU.Build.0 = Release|Any CPU
		{8B174A4B-D827-4E28-AB8A-383E764109C4}.Debug|Any CPU.ActiveCfg = Debug|Any CPU
		{8B174A4B-D827-4E28-AB8A-383E764109C4}.Debug|Any CPU.Build.0 = Debug|Any CPU
		{8B174A4B-D827-4E28-AB8A-383E764109C4}.Release|Any CPU.ActiveCfg = Release|Any CPU
		{8B174A4B-D827-4E28-AB8A-383E764109C4}.Release|Any CPU.Build.0 = Release|Any CPU
		{EC11CC6D-71F7-4F1E-A1E8-692BEE2B8533}.Debug|Any CPU.ActiveCfg = Debug|Any CPU
		{EC11CC6D-71F7-4F1E-A1E8-692BEE2B8533}.Debug|Any CPU.Build.0 = Debug|Any CPU
		{EC11CC6D-71F7-4F1E-A1E8-692BEE2B8533}.Release|Any CPU.ActiveCfg = Release|Any CPU
		{EC11CC6D-71F7-4F1E-A1E8-692BEE2B8533}.Release|Any CPU.Build.0 = Release|Any CPU
	EndGlobalSection
	GlobalSection(SolutionProperties) = preSolution
		HideSolutionNode = FALSE
	EndGlobalSection
	GlobalSection(ExtensibilityGlobals) = postSolution
		SolutionGuid = {82775835-F2DD-4D8D-B954-CD7B3CF44E14}
	EndGlobalSection
EndGlobal
